
Microsoft Visual Studio Solution File, Format Version 12.00
# Visual Studio 2012
Project("{FAE04EC0-301F-11D3-BF4B-00C04F79EFBC}") = "corecraft", "corecraft\corecraft.csproj", "{02C56735-AA72-4F05-A58A-EE0E84CD6662}"
EndProject
Global
	GlobalSection(SolutionConfigurationPlatforms) = preSolution
		Debug|Any CPU = Debug|Any CPU
		Release|Any CPU = Release|Any CPU
	EndGlobalSection
	GlobalSection(ProjectConfigurationPlatforms) = postSolution
		{02C56735-AA72-4F05-A58A-EE0E84CD6662}.Debug|Any CPU.ActiveCfg = Debug|Any CPU
		{02C56735-AA72-4F05-A58A-EE0E84CD6662}.Debug|Any CPU.Build.0 = Debug|Any CPU
		{02C56735-AA72-4F05-A58A-EE0E84CD6662}.Release|Any CPU.ActiveCfg = Release|Any CPU
		{02C56735-AA72-4F05-A58A-EE0E84CD6662}.Release|Any CPU.Build.0 = Release|Any CPU
	EndGlobalSection
	GlobalSection(SolutionProperties) = preSolution
		HideSolutionNode = FALSE
	EndGlobalSection
EndGlobal
